
Microsoft Visual Studio Solution File, Format Version 12.00
# Visual Studio Version 17
VisualStudioVersion = 17.14.36603.0
MinimumVisualStudioVersion = 10.0.40219.1
Project("{FAE04EC0-301F-11D3-BF4B-00C04F79EFBC}") = "BusinessObject", "BusinessObject\BusinessObject.csproj", "{3FDADA07-E278-4CE8-8875-8BD881E70BE9}"
EndProject
Project("{FAE04EC0-301F-11D3-BF4B-00C04F79EFBC}") = "DataAccess", "DataAccess\DataAccess.csproj", "{04223434-D01B-4681-9DB2-5A81F124BECB}"
EndProject
Project("{FAE04EC0-301F-11D3-BF4B-00C04F79EFBC}") = "API", "API\API.csproj", "{E6B1C0E8-14DE-4F26-8571-F623C71BA2BA}"
EndProject
Project("{2150E333-8FDC-42A3-9474-1A3956D46DE8}") = "tests", "tests", "{02EA681E-C7D8-13C7-8484-4AC65E1B71E8}"
EndProject
Project("{FAE04EC0-301F-11D3-BF4B-00C04F79EFBC}") = "UnitTests", "UnitTests\UnitTests.csproj", "{C2DBBBF3-FFCC-4D4B-B471-28E9E6BDD14C}"
EndProject
Project("{FAE04EC0-301F-11D3-BF4B-00C04F79EFBC}") = "IntegrationTests", "IntegrationTests\IntegrationTests.csproj", "{1EEB12AE-D820-42D2-9202-846F1DC87F47}"
EndProject
Global
	GlobalSection(SolutionConfigurationPlatforms) = preSolution
		Debug|Any CPU = Debug|Any CPU
		Release|Any CPU = Release|Any CPU
	EndGlobalSection
	GlobalSection(ProjectConfigurationPlatforms) = postSolution
		{3FDADA07-E278-4CE8-8875-8BD881E70BE9}.Debug|Any CPU.ActiveCfg = Debug|Any CPU
		{3FDADA07-E278-4CE8-8875-8BD881E70BE9}.Debug|Any CPU.Build.0 = Debug|Any CPU
		{3FDADA07-E278-4CE8-8875-8BD881E70BE9}.Release|Any CPU.ActiveCfg = Release|Any CPU
		{3FDADA07-E278-4CE8-8875-8BD881E70BE9}.Release|Any CPU.Build.0 = Release|Any CPU
		{04223434-D01B-4681-9DB2-5A81F124BECB}.Debug|Any CPU.ActiveCfg = Debug|Any CPU
		{04223434-D01B-4681-9DB2-5A81F124BECB}.Debug|Any CPU.Build.0 = Debug|Any CPU
		{04223434-D01B-4681-9DB2-5A81F124BECB}.Release|Any CPU.ActiveCfg = Release|Any CPU
		{04223434-D01B-4681-9DB2-5A81F124BECB}.Release|Any CPU.Build.0 = Release|Any CPU
		{E6B1C0E8-14DE-4F26-8571-F623C71BA2BA}.Debug|Any CPU.ActiveCfg = Debug|Any CPU
		{E6B1C0E8-14DE-4F26-8571-F623C71BA2BA}.Debug|Any CPU.Build.0 = Debug|Any CPU
		{E6B1C0E8-14DE-4F26-8571-F623C71BA2BA}.Release|Any CPU.ActiveCfg = Release|Any CPU
		{E6B1C0E8-14DE-4F26-8571-F623C71BA2BA}.Release|Any CPU.Build.0 = Release|Any CPU
		{C2DBBBF3-FFCC-4D4B-B471-28E9E6BDD14C}.Debug|Any CPU.ActiveCfg = Debug|Any CPU
		{C2DBBBF3-FFCC-4D4B-B471-28E9E6BDD14C}.Debug|Any CPU.Build.0 = Debug|Any CPU
		{C2DBBBF3-FFCC-4D4B-B471-28E9E6BDD14C}.Release|Any CPU.ActiveCfg = Release|Any CPU
		{C2DBBBF3-FFCC-4D4B-B471-28E9E6BDD14C}.Release|Any CPU.Build.0 = Release|Any CPU
		{1EEB12AE-D820-42D2-9202-846F1DC87F47}.Debug|Any CPU.ActiveCfg = Debug|Any CPU
		{1EEB12AE-D820-42D2-9202-846F1DC87F47}.Debug|Any CPU.Build.0 = Debug|Any CPU
		{1EEB12AE-D820-42D2-9202-846F1DC87F47}.Release|Any CPU.ActiveCfg = Release|Any CPU
		{1EEB12AE-D820-42D2-9202-846F1DC87F47}.Release|Any CPU.Build.0 = Release|Any CPU
	EndGlobalSection
	GlobalSection(SolutionProperties) = preSolution
		HideSolutionNode = FALSE
	EndGlobalSection
	GlobalSection(NestedProjects) = preSolution
		{C2DBBBF3-FFCC-4D4B-B471-28E9E6BDD14C} = {02EA681E-C7D8-13C7-8484-4AC65E1B71E8}
		{1EEB12AE-D820-42D2-9202-846F1DC87F47} = {02EA681E-C7D8-13C7-8484-4AC65E1B71E8}
	EndGlobalSection
	GlobalSection(ExtensibilityGlobals) = postSolution
		SolutionGuid = {63B3599D-8E45-409A-8533-9574360EB437}
	EndGlobalSection
EndGlobal
